// !$*UTF8*$!
{
	archiveVersion = 1;
	classes = {
	};
	objectVersion = 46;
	objects = {

/* Begin PBXBuildFile section */
		AE7F824918D7382D0076E659 /* Foundation.framework in Frameworks */ = {isa = PBXBuildFile; fileRef = AE7F824818D7382D0076E659 /* Foundation.framework */; };
		AE7F824B18D7382D0076E659 /* CoreGraphics.framework in Frameworks */ = {isa = PBXBuildFile; fileRef = AE7F824A18D7382D0076E659 /* CoreGraphics.framework */; };
		AE7F824D18D7382D0076E659 /* UIKit.framework in Frameworks */ = {isa = PBXBuildFile; fileRef = AE7F824C18D7382D0076E659 /* UIKit.framework */; };
		AE7F825318D7382D0076E659 /* InfoPlist.strings in Resources */ = {isa = PBXBuildFile; fileRef = AE7F825118D7382D0076E659 /* InfoPlist.strings */; };
		AE7F825518D7382D0076E659 /* main.m in Sources */ = {isa = PBXBuildFile; fileRef = AE7F825418D7382D0076E659 /* main.m */; };
		AE7F825918D7382D0076E659 /* MatchismoAppDelegate.m in Sources */ = {isa = PBXBuildFile; fileRef = AE7F825818D7382D0076E659 /* MatchismoAppDelegate.m */; };
		AE7F825C18D7382D0076E659 /* Main.storyboard in Resources */ = {isa = PBXBuildFile; fileRef = AE7F825A18D7382D0076E659 /* Main.storyboard */; };
		AE7F825F18D7382D0076E659 /* MatchismoViewController.m in Sources */ = {isa = PBXBuildFile; fileRef = AE7F825E18D7382D0076E659 /* MatchismoViewController.m */; };
		AE7F826118D7382D0076E659 /* Images.xcassets in Resources */ = {isa = PBXBuildFile; fileRef = AE7F826018D7382D0076E659 /* Images.xcassets */; };
		AE7F826818D7382E0076E659 /* XCTest.framework in Frameworks */ = {isa = PBXBuildFile; fileRef = AE7F826718D7382E0076E659 /* XCTest.framework */; };
		AE7F826918D7382E0076E659 /* Foundation.framework in Frameworks */ = {isa = PBXBuildFile; fileRef = AE7F824818D7382D0076E659 /* Foundation.framework */; };
		AE7F826A18D7382E0076E659 /* UIKit.framework in Frameworks */ = {isa = PBXBuildFile; fileRef = AE7F824C18D7382D0076E659 /* UIKit.framework */; };
		AE7F827218D7382E0076E659 /* InfoPlist.strings in Resources */ = {isa = PBXBuildFile; fileRef = AE7F827018D7382E0076E659 /* InfoPlist.strings */; };
		AE7F827418D7382E0076E659 /* Matchismo2Tests.m in Sources */ = {isa = PBXBuildFile; fileRef = AE7F827318D7382E0076E659 /* Matchismo2Tests.m */; };
		AE7F827F18D7386B0076E659 /* Card.m in Sources */ = {isa = PBXBuildFile; fileRef = AE7F827E18D7386B0076E659 /* Card.m */; };
		AE7F828218D7E9770076E659 /* Deck.m in Sources */ = {isa = PBXBuildFile; fileRef = AE7F828118D7E9770076E659 /* Deck.m */; };
		AE7F828818D7EF1C0076E659 /* PlayingCard.m in Sources */ = {isa = PBXBuildFile; fileRef = AE7F828718D7EF1C0076E659 /* PlayingCard.m */; };
		AE7F828B18D7F20B0076E659 /* PlayingCardDeck.m in Sources */ = {isa = PBXBuildFile; fileRef = AE7F828A18D7F20B0076E659 /* PlayingCardDeck.m */; };
		AE7F828E18D8160F0076E659 /* cardMachingGame.m in Sources */ = {isa = PBXBuildFile; fileRef = AE7F828D18D8160F0076E659 /* cardMachingGame.m */; };
/* End PBXBuildFile section */

/* Begin PBXContainerItemProxy section */
		AE7F826B18D7382E0076E659 /* PBXContainerItemProxy */ = {
			isa = PBXContainerItemProxy;
			containerPortal = AE7F823D18D7382D0076E659 /* Project object */;
			proxyType = 1;
			remoteGlobalIDString = AE7F824418D7382D0076E659;
			remoteInfo = Matchismo2;
		};
/* End PBXContainerItemProxy section */

/* Begin PBXFileReference section */
		AE7F824518D7382D0076E659 /* Matchismo2.app */ = {isa = PBXFileReference; explicitFileType = wrapper.application; includeInIndex = 0; path = Matchismo2.app; sourceTree = BUILT_PRODUCTS_DIR; };
		AE7F824818D7382D0076E659 /* Foundation.framework */ = {isa = PBXFileReference; lastKnownFileType = wrapper.framework; name = Foundation.framework; path = System/Library/Frameworks/Foundation.framework; sourceTree = SDKROOT; };
		AE7F824A18D7382D0076E659 /* CoreGraphics.framework */ = {isa = PBXFileReference; lastKnownFileType = wrapper.framework; name = CoreGraphics.framework; path = System/Library/Frameworks/CoreGraphics.framework; sourceTree = SDKROOT; };
		AE7F824C18D7382D0076E659 /* UIKit.framework */ = {isa = PBXFileReference; lastKnownFileType = wrapper.framework; name = UIKit.framework; path = System/Library/Frameworks/UIKit.framework; sourceTree = SDKROOT; };
		AE7F825018D7382D0076E659 /* Matchismo2-Info.plist */ = {isa = PBXFileReference; lastKnownFileType = text.plist.xml; path = "Matchismo2-Info.plist"; sourceTree = "<group>"; };
		AE7F825218D7382D0076E659 /* en */ = {isa = PBXFileReference; lastKnownFileType = text.plist.strings; name = en; path = en.lproj/InfoPlist.strings; sourceTree = "<group>"; };
		AE7F825418D7382D0076E659 /* main.m */ = {isa = PBXFileReference; lastKnownFileType = sourcecode.c.objc; path = main.m; sourceTree = "<group>"; };
		AE7F825618D7382D0076E659 /* Matchismo2-Prefix.pch */ = {isa = PBXFileReference; lastKnownFileType = sourcecode.c.h; path = "Matchismo2-Prefix.pch"; sourceTree = "<group>"; };
		AE7F825718D7382D0076E659 /* MatchismoAppDelegate.h */ = {isa = PBXFileReference; lastKnownFileType = sourcecode.c.h; path = MatchismoAppDelegate.h; sourceTree = "<group>"; };
		AE7F825818D7382D0076E659 /* MatchismoAppDelegate.m */ = {isa = PBXFileReference; lastKnownFileType = sourcecode.c.objc; path = MatchismoAppDelegate.m; sourceTree = "<group>"; };
		AE7F825B18D7382D0076E659 /* Base */ = {isa = PBXFileReference; lastKnownFileType = file.storyboard; name = Base; path = Base.lproj/Main.storyboard; sourceTree = "<group>"; };
		AE7F825D18D7382D0076E659 /* MatchismoViewController.h */ = {isa = PBXFileReference; lastKnownFileType = sourcecode.c.h; path = MatchismoViewController.h; sourceTree = "<group>"; };
		AE7F825E18D7382D0076E659 /* MatchismoViewController.m */ = {isa = PBXFileReference; lastKnownFileType = sourcecode.c.objc; path = MatchismoViewController.m; sourceTree = "<group>"; };
		AE7F826018D7382D0076E659 /* Images.xcassets */ = {isa = PBXFileReference; lastKnownFileType = folder.assetcatalog; path = Images.xcassets; sourceTree = "<group>"; };
		AE7F826618D7382E0076E659 /* Matchismo2Tests.xctest */ = {isa = PBXFileReference; explicitFileType = wrapper.cfbundle; includeInIndex = 0; path = Matchismo2Tests.xctest; sourceTree = BUILT_PRODUCTS_DIR; };
		AE7F826718D7382E0076E659 /* XCTest.framework */ = {isa = PBXFileReference; lastKnownFileType = wrapper.framework; name = XCTest.framework; path = Library/Frameworks/XCTest.framework; sourceTree = DEVELOPER_DIR; };
		AE7F826F18D7382E0076E659 /* Matchismo2Tests-Info.plist */ = {isa = PBXFileReference; lastKnownFileType = text.plist.xml; path = "Matchismo2Tests-Info.plist"; sourceTree = "<group>"; };
		AE7F827118D7382E0076E659 /* en */ = {isa = PBXFileReference; lastKnownFileType = text.plist.strings; name = en; path = en.lproj/InfoPlist.strings; sourceTree = "<group>"; };
		AE7F827318D7382E0076E659 /* Matchismo2Tests.m */ = {isa = PBXFileReference; lastKnownFileType = sourcecode.c.objc; path = Matchismo2Tests.m; sourceTree = "<group>"; };
		AE7F827D18D7386B0076E659 /* Card.h */ = {isa = PBXFileReference; fileEncoding = 4; lastKnownFileType = sourcecode.c.h; path = Card.h; sourceTree = "<group>"; };
		AE7F827E18D7386B0076E659 /* Card.m */ = {isa = PBXFileReference; fileEncoding = 4; lastKnownFileType = sourcecode.c.objc; path = Card.m; sourceTree = "<group>"; };
		AE7F828018D7E9770076E659 /* Deck.h */ = {isa = PBXFileReference; fileEncoding = 4; lastKnownFileType = sourcecode.c.h; name = Deck.h; path = Model/Deck.h; sourceTree = "<group>"; };
		AE7F828118D7E9770076E659 /* Deck.m */ = {isa = PBXFileReference; fileEncoding = 4; lastKnownFileType = sourcecode.c.objc; name = Deck.m; path = Model/Deck.m; sourceTree = "<group>"; };
		AE7F828618D7EF1C0076E659 /* PlayingCard.h */ = {isa = PBXFileReference; fileEncoding = 4; lastKnownFileType = sourcecode.c.h; name = PlayingCard.h; path = Model/PlayingCard.h; sourceTree = "<group>"; };
		AE7F828718D7EF1C0076E659 /* PlayingCard.m */ = {isa = PBXFileReference; fileEncoding = 4; lastKnownFileType = sourcecode.c.objc; name = PlayingCard.m; path = Model/PlayingCard.m; sourceTree = "<group>"; };
		AE7F828918D7F20B0076E659 /* PlayingCardDeck.h */ = {isa = PBXFileReference; fileEncoding = 4; lastKnownFileType = sourcecode.c.h; name = PlayingCardDeck.h; path = Model/PlayingCardDeck.h; sourceTree = "<group>"; };
		AE7F828A18D7F20B0076E659 /* PlayingCardDeck.m */ = {isa = PBXFileReference; fileEncoding = 4; lastKnownFileType = sourcecode.c.objc; name = PlayingCardDeck.m; path = Model/PlayingCardDeck.m; sourceTree = "<group>"; };
		AE7F828C18D8160F0076E659 /* cardMachingGame.h */ = {isa = PBXFileReference; fileEncoding = 4; lastKnownFileType = sourcecode.c.h; name = cardMachingGame.h; path = Model/cardMachingGame.h; sourceTree = "<group>"; };
		AE7F828D18D8160F0076E659 /* cardMachingGame.m */ = {isa = PBXFileReference; fileEncoding = 4; lastKnownFileType = sourcecode.c.objc; name = cardMachingGame.m; path = Model/cardMachingGame.m; sourceTree = "<group>"; };
/* End PBXFileReference section */

/* Begin PBXFrameworksBuildPhase section */
		AE7F824218D7382D0076E659 /* Frameworks */ = {
			isa = PBXFrameworksBuildPhase;
			buildActionMask = 2147483647;
			files = (
				AE7F824B18D7382D0076E659 /* CoreGraphics.framework in Frameworks */,
				AE7F824D18D7382D0076E659 /* UIKit.framework in Frameworks */,
				AE7F824918D7382D0076E659 /* Foundation.framework in Frameworks */,
			);
			runOnlyForDeploymentPostprocessing = 0;
		};
		AE7F826318D7382E0076E659 /* Frameworks */ = {
			isa = PBXFrameworksBuildPhase;
			buildActionMask = 2147483647;
			files = (
				AE7F826818D7382E0076E659 /* XCTest.framework in Frameworks */,
				AE7F826A18D7382E0076E659 /* UIKit.framework in Frameworks */,
				AE7F826918D7382E0076E659 /* Foundation.framework in Frameworks */,
			);
			runOnlyForDeploymentPostprocessing = 0;
		};
/* End PBXFrameworksBuildPhase section */

/* Begin PBXGroup section */
		AE49DFAC18DF25E100EEDD71 /* Model */ = {
			isa = PBXGroup;
			children = (
				AE7F827D18D7386B0076E659 /* Card.h */,
				AE7F827E18D7386B0076E659 /* Card.m */,
				AE7F828718D7EF1C0076E659 /* PlayingCard.m */,
				AE7F828918D7F20B0076E659 /* PlayingCardDeck.h */,
				AE7F828A18D7F20B0076E659 /* PlayingCardDeck.m */,
				AE7F828618D7EF1C0076E659 /* PlayingCard.h */,
				AE7F828018D7E9770076E659 /* Deck.h */,
				AE7F828118D7E9770076E659 /* Deck.m */,
			);
			name = Model;
			sourceTree = "<group>";
		};
		AE7F823C18D7382D0076E659 = {
			isa = PBXGroup;
			children = (
				AE7F824E18D7382D0076E659 /* Matchismo2 */,
				AE7F826D18D7382E0076E659 /* Matchismo2Tests */,
				AE7F824718D7382D0076E659 /* Frameworks */,
				AE7F824618D7382D0076E659 /* Products */,
			);
			sourceTree = "<group>";
		};
		AE7F824618D7382D0076E659 /* Products */ = {
			isa = PBXGroup;
			children = (
				AE7F824518D7382D0076E659 /* Matchismo2.app */,
				AE7F826618D7382E0076E659 /* Matchismo2Tests.xctest */,
			);
			name = Products;
			sourceTree = "<group>";
		};
		AE7F824718D7382D0076E659 /* Frameworks */ = {
			isa = PBXGroup;
			children = (
				AE7F824818D7382D0076E659 /* Foundation.framework */,
				AE7F824A18D7382D0076E659 /* CoreGraphics.framework */,
				AE7F824C18D7382D0076E659 /* UIKit.framework */,
				AE7F826718D7382E0076E659 /* XCTest.framework */,
			);
			name = Frameworks;
			sourceTree = "<group>";
		};
		AE7F824E18D7382D0076E659 /* Matchismo2 */ = {
			isa = PBXGroup;
			children = (
				AE7F825A18D7382D0076E659 /* Main.storyboard */,
				AE49DFAC18DF25E100EEDD71 /* Model */,
				AE7F825D18D7382D0076E659 /* MatchismoViewController.h */,
				AE7F825E18D7382D0076E659 /* MatchismoViewController.m */,
				AE7F828C18D8160F0076E659 /* cardMachingGame.h */,
				AE7F828D18D8160F0076E659 /* cardMachingGame.m */,
				AE7F826018D7382D0076E659 /* Images.xcassets */,
				AE7F824F18D7382D0076E659 /* Supporting Files */,
			);
			path = Matchismo2;
			sourceTree = "<group>";
		};
		AE7F824F18D7382D0076E659 /* Supporting Files */ = {
			isa = PBXGroup;
			children = (
				AE7F825718D7382D0076E659 /* MatchismoAppDelegate.h */,
				AE7F825818D7382D0076E659 /* MatchismoAppDelegate.m */,
				AE7F825018D7382D0076E659 /* Matchismo2-Info.plist */,
				AE7F825118D7382D0076E659 /* InfoPlist.strings */,
				AE7F825418D7382D0076E659 /* main.m */,
				AE7F825618D7382D0076E659 /* Matchismo2-Prefix.pch */,
			);
			name = "Supporting Files";
			sourceTree = "<group>";
		};
		AE7F826D18D7382E0076E659 /* Matchismo2Tests */ = {
			isa = PBXGroup;
			children = (
				AE7F827318D7382E0076E659 /* Matchismo2Tests.m */,
				AE7F826E18D7382E0076E659 /* Supporting Files */,
			);
			path = Matchismo2Tests;
			sourceTree = "<group>";
		};
		AE7F826E18D7382E0076E659 /* Supporting Files */ = {
			isa = PBXGroup;
			children = (
				AE7F826F18D7382E0076E659 /* Matchismo2Tests-Info.plist */,
				AE7F827018D7382E0076E659 /* InfoPlist.strings */,
			);
			name = "Supporting Files";
			sourceTree = "<group>";
		};
/* End PBXGroup section */

/* Begin PBXNativeTarget section */
		AE7F824418D7382D0076E659 /* Matchismo2 */ = {
			isa = PBXNativeTarget;
			buildConfigurationList = AE7F827718D7382E0076E659 /* Build configuration list for PBXNativeTarget "Matchismo2" */;
			buildPhases = (
				AE7F824118D7382D0076E659 /* Sources */,
				AE7F824218D7382D0076E659 /* Frameworks */,
				AE7F824318D7382D0076E659 /* Resources */,
			);
			buildRules = (
			);
			dependencies = (
			);
			name = Matchismo2;
			productName = Matchismo2;
			productReference = AE7F824518D7382D0076E659 /* Matchismo2.app */;
			productType = "com.apple.product-type.application";
		};
		AE7F826518D7382E0076E659 /* Matchismo2Tests */ = {
			isa = PBXNativeTarget;
			buildConfigurationList = AE7F827A18D7382E0076E659 /* Build configuration list for PBXNativeTarget "Matchismo2Tests" */;
			buildPhases = (
				AE7F826218D7382E0076E659 /* Sources */,
				AE7F826318D7382E0076E659 /* Frameworks */,
				AE7F826418D7382E0076E659 /* Resources */,
			);
			buildRules = (
			);
			dependencies = (
				AE7F826C18D7382E0076E659 /* PBXTargetDependency */,
			);
			name = Matchismo2Tests;
			productName = Matchismo2Tests;
			productReference = AE7F826618D7382E0076E659 /* Matchismo2Tests.xctest */;
			productType = "com.apple.product-type.bundle.unit-test";
		};
/* End PBXNativeTarget section */

/* Begin PBXProject section */
		AE7F823D18D7382D0076E659 /* Project object */ = {
			isa = PBXProject;
			attributes = {
				CLASSPREFIX = Matchismo;
				LastUpgradeCheck = 0510;
				ORGANIZATIONNAME = nathanyue;
				TargetAttributes = {
					AE7F826518D7382E0076E659 = {
						TestTargetID = AE7F824418D7382D0076E659;
					};
				};
			};
			buildConfigurationList = AE7F824018D7382D0076E659 /* Build configuration list for PBXProject "Matchismo2" */;
			compatibilityVersion = "Xcode 3.2";
			developmentRegion = English;
			hasScannedForEncodings = 0;
			knownRegions = (
				en,
				Base,
			);
			mainGroup = AE7F823C18D7382D0076E659;
			productRefGroup = AE7F824618D7382D0076E659 /* Products */;
			projectDirPath = "";
			projectRoot = "";
			targets = (
				AE7F824418D7382D0076E659 /* Matchismo2 */,
				AE7F826518D7382E0076E659 /* Matchismo2Tests */,
			);
		};
/* End PBXProject section */

/* Begin PBXResourcesBuildPhase section */
		AE7F824318D7382D0076E659 /* Resources */ = {
			isa = PBXResourcesBuildPhase;
			buildActionMask = 2147483647;
			files = (
				AE7F826118D7382D0076E659 /* Images.xcassets in Resources */,
				AE7F825318D7382D0076E659 /* InfoPlist.strings in Resources */,
				AE7F825C18D7382D0076E659 /* Main.storyboard in Resources */,
			);
			runOnlyForDeploymentPostprocessing = 0;
		};
		AE7F826418D7382E0076E659 /* Resources */ = {
			isa = PBXResourcesBuildPhase;
			buildActionMask = 2147483647;
			files = (
				AE7F827218D7382E0076E659 /* InfoPlist.strings in Resources */,
			);
			runOnlyForDeploymentPostprocessing = 0;
		};
/* End PBXResourcesBuildPhase section */

/* Begin PBXSourcesBuildPhase section */
		AE7F824118D7382D0076E659 /* Sources */ = {
			isa = PBXSourcesBuildPhase;
			buildActionMask = 2147483647;
			files = (
				AE7F828818D7EF1C0076E659 /* PlayingCard.m in Sources */,
				AE7F828218D7E9770076E659 /* Deck.m in Sources */,
				AE7F825918D7382D0076E659 /* MatchismoAppDelegate.m in Sources */,
				AE7F825F18D7382D0076E659 /* MatchismoViewController.m in Sources */,
				AE7F828B18D7F20B0076E659 /* PlayingCardDeck.m in Sources */,
				AE7F825518D7382D0076E659 /* main.m in Sources */,
				AE7F827F18D7386B0076E659 /* Card.m in Sources */,
				AE7F828E18D8160F0076E659 /* cardMachingGame.m in Sources */,
			);
			runOnlyForDeploymentPostprocessing = 0;
		};
		AE7F826218D7382E0076E659 /* Sources */ = {
			isa = PBXSourcesBuildPhase;
			buildActionMask = 2147483647;
			files = (
				AE7F827418D7382E0076E659 /* Matchismo2Tests.m in Sources */,
			);
			runOnlyForDeploymentPostprocessing = 0;
		};
/* End PBXSourcesBuildPhase section */

/* Begin PBXTargetDependency section */
		AE7F826C18D7382E0076E659 /* PBXTargetDependency */ = {
			isa = PBXTargetDependency;
			target = AE7F824418D7382D0076E659 /* Matchismo2 */;
			targetProxy = AE7F826B18D7382E0076E659 /* PBXContainerItemProxy */;
		};
/* End PBXTargetDependency section */

/* Begin PBXVariantGroup section */
		AE7F825118D7382D0076E659 /* InfoPlist.strings */ = {
			isa = PBXVariantGroup;
			children = (
				AE7F825218D7382D0076E659 /* en */,
			);
			name = InfoPlist.strings;
			sourceTree = "<group>";
		};
		AE7F825A18D7382D0076E659 /* Main.storyboard */ = {
			isa = PBXVariantGroup;
			children = (
				AE7F825B18D7382D0076E659 /* Base */,
			);
			name = Main.storyboard;
			sourceTree = "<group>";
		};
		AE7F827018D7382E0076E659 /* InfoPlist.strings */ = {
			isa = PBXVariantGroup;
			children = (
				AE7F827118D7382E0076E659 /* en */,
			);
			name = InfoPlist.strings;
			sourceTree = "<group>";
		};
/* End PBXVariantGroup section */

/* Begin XCBuildConfiguration section */
		AE7F827518D7382E0076E659 /* Debug */ = {
			isa = XCBuildConfiguration;
			buildSettings = {
				ALWAYS_SEARCH_USER_PATHS = NO;
				CLANG_CXX_LANGUAGE_STANDARD = "gnu++0x";
				CLANG_CXX_LIBRARY = "libc++";
				CLANG_ENABLE_MODULES = YES;
				CLANG_ENABLE_OBJC_ARC = YES;
				CLANG_WARN_BOOL_CONVERSION = YES;
				CLANG_WARN_CONSTANT_CONVERSION = YES;
				CLANG_WARN_DIRECT_OBJC_ISA_USAGE = YES_ERROR;
				CLANG_WARN_EMPTY_BODY = YES;
				CLANG_WARN_ENUM_CONVERSION = YES;
				CLANG_WARN_INT_CONVERSION = YES;
				CLANG_WARN_OBJC_ROOT_CLASS = YES_ERROR;
				CLANG_WARN__DUPLICATE_METHOD_MATCH = YES;
				"CODE_SIGN_IDENTITY[sdk=iphoneos*]" = "iPhone Developer";
				COPY_PHASE_STRIP = NO;
				GCC_C_LANGUAGE_STANDARD = gnu99;
				GCC_DYNAMIC_NO_PIC = NO;
				GCC_OPTIMIZATION_LEVEL = 0;
				GCC_PREPROCESSOR_DEFINITIONS = (
					"DEBUG=1",
					"$(inherited)",
				);
				GCC_SYMBOLS_PRIVATE_EXTERN = NO;
				GCC_WARN_64_TO_32_BIT_CONVERSION = YES;
				GCC_WARN_ABOUT_RETURN_TYPE = YES_ERROR;
				GCC_WARN_UNDECLARED_SELECTOR = YES;
				GCC_WARN_UNINITIALIZED_AUTOS = YES_AGGRESSIVE;
				GCC_WARN_UNUSED_FUNCTION = YES;
				GCC_WARN_UNUSED_VARIABLE = YES;
				IPHONEOS_DEPLOYMENT_TARGET = 7.1;
				ONLY_ACTIVE_ARCH = YES;
				SDKROOT = iphoneos;
			};
			name = Debug;
		};
		AE7F827618D7382E0076E659 /* Release */ = {
			isa = XCBuildConfiguration;
			buildSettings = {
				ALWAYS_SEARCH_USER_PATHS = NO;
				CLANG_CXX_LANGUAGE_STANDARD = "gnu++0x";
				CLANG_CXX_LIBRARY = "libc++";
				CLANG_ENABLE_MODULES = YES;
				CLANG_ENABLE_OBJC_ARC = YES;
				CLANG_WARN_BOOL_CONVERSION = YES;
				CLANG_WARN_CONSTANT_CONVERSION = YES;
				CLANG_WARN_DIRECT_OBJC_ISA_USAGE = YES_ERROR;
				CLANG_WARN_EMPTY_BODY = YES;
				CLANG_WARN_ENUM_CONVERSION = YES;
				CLANG_WARN_INT_CONVERSION = YES;
				CLANG_WARN_OBJC_ROOT_CLASS = YES_ERROR;
				CLANG_WARN__DUPLICATE_METHOD_MATCH = YES;
				"CODE_SIGN_IDENTITY[sdk=iphoneos*]" = "iPhone Developer";
				COPY_PHASE_STRIP = YES;
				ENABLE_NS_ASSERTIONS = NO;
				GCC_C_LANGUAGE_STANDARD = gnu99;
				GCC_WARN_64_TO_32_BIT_CONVERSION = YES;
				GCC_WARN_ABOUT_RETURN_TYPE = YES_ERROR;
				GCC_WARN_UNDECLARED_SELECTOR = YES;
				GCC_WARN_UNINITIALIZED_AUTOS = YES_AGGRESSIVE;
				GCC_WARN_UNUSED_FUNCTION = YES;
				GCC_WARN_UNUSED_VARIABLE = YES;
				IPHONEOS_DEPLOYMENT_TARGET = 7.1;
				SDKROOT = iphoneos;
				VALIDATE_PRODUCT = YES;
			};
			name = Release;
		};
		AE7F827818D7382E0076E659 /* Debug */ = {
			isa = XCBuildConfiguration;
			buildSettings = {
				ASSETCATALOG_COMPILER_APPICON_NAME = AppIcon;
				ASSETCATALOG_COMPILER_LAUNCHIMAGE_NAME = LaunchImage;
				GCC_PRECOMPILE_PREFIX_HEADER = YES;
				GCC_PREFIX_HEADER = "Matchismo2/Matchismo2-Prefix.pch";
				INFOPLIST_FILE = "Matchismo2/Matchismo2-Info.plist";
				PRODUCT_NAME = "$(TARGET_NAME)";
				WRAPPER_EXTENSION = app;
			};
			name = Debug;
		};
		AE7F827918D7382E0076E659 /* Release */ = {
			isa = XCBuildConfiguration;
			buildSettings = {
				ASSETCATALOG_COMPILER_APPICON_NAME = AppIcon;
				ASSETCATALOG_COMPILER_LAUNCHIMAGE_NAME = LaunchImage;
				GCC_PRECOMPILE_PREFIX_HEADER = YES;
				GCC_PREFIX_HEADER = "Matchismo2/Matchismo2-Prefix.pch";
				INFOPLIST_FILE = "Matchismo2/Matchismo2-Info.plist";
				PRODUCT_NAME = "$(TARGET_NAME)";
				WRAPPER_EXTENSION = app;
			};
			name = Release;
		};
		AE7F827B18D7382E0076E659 /* Debug */ = {
			isa = XCBuildConfiguration;
			buildSettings = {
				BUNDLE_LOADER = "$(BUILT_PRODUCTS_DIR)/Matchismo2.app/Matchismo2";
				FRAMEWORK_SEARCH_PATHS = (
					"$(SDKROOT)/Developer/Library/Frameworks",
					"$(inherited)",
					"$(DEVELOPER_FRAMEWORKS_DIR)",
				);
				GCC_PRECOMPILE_PREFIX_HEADER = YES;
				GCC_PREFIX_HEADER = "Matchismo2/Matchismo2-Prefix.pch";
				GCC_PREPROCESSOR_DEFINITIONS = (
					"DEBUG=1",
					"$(inherited)",
				);
				INFOPLIST_FILE = "Matchismo2Tests/Matchismo2Tests-Info.plist";
				PRODUCT_NAME = "$(TARGET_NAME)";
				TEST_HOST = "$(BUNDLE_LOADER)";
				WRAPPER_EXTENSION = xctest;
			};
			name = Debug;
		};
		AE7F827C18D7382E0076E659 /* Release */ = {
			isa = XCBuildConfiguration;
			buildSettings = {
				BUNDLE_LOADER = "$(BUILT_PRODUCTS_DIR)/Matchismo2.app/Matchismo2";
				FRAMEWORK_SEARCH_PATHS = (
					"$(SDKROOT)/Developer/Library/Frameworks",
					"$(inherited)",
					"$(DEVELOPER_FRAMEWORKS_DIR)",
				);
				GCC_PRECOMPILE_PREFIX_HEADER = YES;
				GCC_PREFIX_HEADER = "Matchismo2/Matchismo2-Prefix.pch";
				INFOPLIST_FILE = "Matchismo2Tests/Matchismo2Tests-Info.plist";
				PRODUCT_NAME = "$(TARGET_NAME)";
				TEST_HOST = "$(BUNDLE_LOADER)";
				WRAPPER_EXTENSION = xctest;
			};
			name = Release;
		};
/* End XCBuildConfiguration section */

/* Begin XCConfigurationList section */
		AE7F824018D7382D0076E659 /* Build configuration list for PBXProject "Matchismo2" */ = {
			isa = XCConfigurationList;
			buildConfigurations = (
				AE7F827518D7382E0076E659 /* Debug */,
				AE7F827618D7382E0076E659 /* Release */,
			);
			defaultConfigurationIsVisible = 0;
			defaultConfigurationName = Release;
		};
		AE7F827718D7382E0076E659 /* Build configuration list for PBXNativeTarget "Matchismo2" */ = {
			isa = XCConfigurationList;
			buildConfigurations = (
				AE7F827818D7382E0076E659 /* Debug */,
				AE7F827918D7382E0076E659 /* Release */,
			);
			defaultConfigurationIsVisible = 0;
			defaultConfigurationName = Release;
		};
		AE7F827A18D7382E0076E659 /* Build configuration list for PBXNativeTarget "Matchismo2Tests" */ = {
			isa = XCConfigurationList;
			buildConfigurations = (
				AE7F827B18D7382E0076E659 /* Debug */,
				AE7F827C18D7382E0076E659 /* Release */,
			);
			defaultConfigurationIsVisible = 0;
			defaultConfigurationName = Release;
		};
/* End XCConfigurationList section */
	};
	rootObject = AE7F823D18D7382D0076E659 /* Project object */;
}
